// !$*UTF8*$!
{
	archiveVersion = 1;
	classes = {
	};
	objectVersion = 46;
	objects = {

/* Begin PBXBuildFile section */
		682819C91DC4DB6300E696AA /* TMDBManager.swift in Sources */ = {isa = PBXBuildFile; fileRef = 682819C81DC4DB6300E696AA /* TMDBManager.swift */; };
		6853EE731DC4D34000A6208A /* Movie.swift in Sources */ = {isa = PBXBuildFile; fileRef = 6853EE721DC4D34000A6208A /* Movie.swift */; };
		685693221DC68C6500E20C77 /* MovieDetailViewController.swift in Sources */ = {isa = PBXBuildFile; fileRef = 685693211DC68C6500E20C77 /* MovieDetailViewController.swift */; };
		68663C611DC52FCB0032DA4B /* MoviesViewController.swift in Sources */ = {isa = PBXBuildFile; fileRef = 68663C601DC52FCB0032DA4B /* MoviesViewController.swift */; };
		68663C641DC53BCF0032DA4B /* MovieTableViewCell.swift in Sources */ = {isa = PBXBuildFile; fileRef = 68663C631DC53BCF0032DA4B /* MovieTableViewCell.swift */; };
		687B10381DC421E200E69465 /* AppDelegate.swift in Sources */ = {isa = PBXBuildFile; fileRef = 687B10371DC421E200E69465 /* AppDelegate.swift */; };
		687B103D1DC421E200E69465 /* Main.storyboard in Resources */ = {isa = PBXBuildFile; fileRef = 687B103B1DC421E200E69465 /* Main.storyboard */; };
		687B103F1DC421E200E69465 /* Assets.xcassets in Resources */ = {isa = PBXBuildFile; fileRef = 687B103E1DC421E200E69465 /* Assets.xcassets */; };
		687B104D1DC421E200E69465 /* TheMovieDBUITests.swift in Sources */ = {isa = PBXBuildFile; fileRef = 687B104C1DC421E200E69465 /* TheMovieDBUITests.swift */; };
		73D3AE286FD6C83B99F5D651 /* Pods_TheMovieDBUITests.framework in Frameworks */ = {isa = PBXBuildFile; fileRef = 1F3A47C956122EE35BACC0CD /* Pods_TheMovieDBUITests.framework */; };
		FB59C0BCE6C466CD2B42BC44 /* Pods_TheMovieDB.framework in Frameworks */ = {isa = PBXBuildFile; fileRef = 2C7BBBCE8CF490794528AC74 /* Pods_TheMovieDB.framework */; };
/* End PBXBuildFile section */

/* Begin PBXContainerItemProxy section */
		687B10491DC421E200E69465 /* PBXContainerItemProxy */ = {
			isa = PBXContainerItemProxy;
			containerPortal = 687B102C1DC421E200E69465 /* Project object */;
			proxyType = 1;
			remoteGlobalIDString = 687B10331DC421E200E69465;
			remoteInfo = TheMovieDB;
		};
/* End PBXContainerItemProxy section */

/* Begin PBXFileReference section */
		1B985444BFBFEF4B40408561 /* Pods-TheMovieDBUITests.release.xcconfig */ = {isa = PBXFileReference; includeInIndex = 1; lastKnownFileType = text.xcconfig; name = "Pods-TheMovieDBUITests.release.xcconfig"; path = "Pods/Target Support Files/Pods-TheMovieDBUITests/Pods-TheMovieDBUITests.release.xcconfig"; sourceTree = "<group>"; };
		1CB0F10A53D0D7C0D610A03F /* Pods-TheMovieDB.release.xcconfig */ = {isa = PBXFileReference; includeInIndex = 1; lastKnownFileType = text.xcconfig; name = "Pods-TheMovieDB.release.xcconfig"; path = "Pods/Target Support Files/Pods-TheMovieDB/Pods-TheMovieDB.release.xcconfig"; sourceTree = "<group>"; };
		1F3A47C956122EE35BACC0CD /* Pods_TheMovieDBUITests.framework */ = {isa = PBXFileReference; explicitFileType = wrapper.framework; includeInIndex = 0; path = Pods_TheMovieDBUITests.framework; sourceTree = BUILT_PRODUCTS_DIR; };
		2C7BBBCE8CF490794528AC74 /* Pods_TheMovieDB.framework */ = {isa = PBXFileReference; explicitFileType = wrapper.framework; includeInIndex = 0; path = Pods_TheMovieDB.framework; sourceTree = BUILT_PRODUCTS_DIR; };
		66AF76A8CBFA790FF2A01854 /* Pods-TheMovieDBUITests.debug.xcconfig */ = {isa = PBXFileReference; includeInIndex = 1; lastKnownFileType = text.xcconfig; name = "Pods-TheMovieDBUITests.debug.xcconfig"; path = "Pods/Target Support Files/Pods-TheMovieDBUITests/Pods-TheMovieDBUITests.debug.xcconfig"; sourceTree = "<group>"; };
		682819C81DC4DB6300E696AA /* TMDBManager.swift */ = {isa = PBXFileReference; fileEncoding = 4; lastKnownFileType = sourcecode.swift; path = TMDBManager.swift; sourceTree = "<group>"; };
		682819CA1DC4EB1D00E696AA /* TheMovieDB-Bridging-Header.h */ = {isa = PBXFileReference; lastKnownFileType = sourcecode.c.h; path = "TheMovieDB-Bridging-Header.h"; sourceTree = "<group>"; };
		6853EE721DC4D34000A6208A /* Movie.swift */ = {isa = PBXFileReference; fileEncoding = 4; lastKnownFileType = sourcecode.swift; path = Movie.swift; sourceTree = "<group>"; };
		685693211DC68C6500E20C77 /* MovieDetailViewController.swift */ = {isa = PBXFileReference; fileEncoding = 4; lastKnownFileType = sourcecode.swift; path = MovieDetailViewController.swift; sourceTree = "<group>"; };
		68663C601DC52FCB0032DA4B /* MoviesViewController.swift */ = {isa = PBXFileReference; fileEncoding = 4; lastKnownFileType = sourcecode.swift; path = MoviesViewController.swift; sourceTree = "<group>"; };
		68663C631DC53BCF0032DA4B /* MovieTableViewCell.swift */ = {isa = PBXFileReference; fileEncoding = 4; lastKnownFileType = sourcecode.swift; path = MovieTableViewCell.swift; sourceTree = "<group>"; };
		687B10341DC421E200E69465 /* TheMovieDB.app */ = {isa = PBXFileReference; explicitFileType = wrapper.application; includeInIndex = 0; path = TheMovieDB.app; sourceTree = BUILT_PRODUCTS_DIR; };
		687B10371DC421E200E69465 /* AppDelegate.swift */ = {isa = PBXFileReference; lastKnownFileType = sourcecode.swift; path = AppDelegate.swift; sourceTree = "<group>"; };
		687B103C1DC421E200E69465 /* Base */ = {isa = PBXFileReference; lastKnownFileType = file.storyboard; name = Base; path = Base.lproj/Main.storyboard; sourceTree = "<group>"; };
		687B103E1DC421E200E69465 /* Assets.xcassets */ = {isa = PBXFileReference; lastKnownFileType = folder.assetcatalog; path = Assets.xcassets; sourceTree = "<group>"; };
		687B10431DC421E200E69465 /* Info.plist */ = {isa = PBXFileReference; lastKnownFileType = text.plist.xml; path = Info.plist; sourceTree = "<group>"; };
		687B10481DC421E200E69465 /* TheMovieDBUITests.xctest */ = {isa = PBXFileReference; explicitFileType = wrapper.cfbundle; includeInIndex = 0; path = TheMovieDBUITests.xctest; sourceTree = BUILT_PRODUCTS_DIR; };
		687B104C1DC421E200E69465 /* TheMovieDBUITests.swift */ = {isa = PBXFileReference; lastKnownFileType = sourcecode.swift; path = TheMovieDBUITests.swift; sourceTree = "<group>"; };
		687B104E1DC421E200E69465 /* Info.plist */ = {isa = PBXFileReference; lastKnownFileType = text.plist.xml; path = Info.plist; sourceTree = "<group>"; };
		F656B004F0339C21CB742768 /* Pods-TheMovieDB.debug.xcconfig */ = {isa = PBXFileReference; includeInIndex = 1; lastKnownFileType = text.xcconfig; name = "Pods-TheMovieDB.debug.xcconfig"; path = "Pods/Target Support Files/Pods-TheMovieDB/Pods-TheMovieDB.debug.xcconfig"; sourceTree = "<group>"; };
/* End PBXFileReference section */

/* Begin PBXFrameworksBuildPhase section */
		687B10311DC421E200E69465 /* Frameworks */ = {
			isa = PBXFrameworksBuildPhase;
			buildActionMask = 2147483647;
			files = (
				FB59C0BCE6C466CD2B42BC44 /* Pods_TheMovieDB.framework in Frameworks */,
			);
			runOnlyForDeploymentPostprocessing = 0;
		};
		687B10451DC421E200E69465 /* Frameworks */ = {
			isa = PBXFrameworksBuildPhase;
			buildActionMask = 2147483647;
			files = (
				73D3AE286FD6C83B99F5D651 /* Pods_TheMovieDBUITests.framework in Frameworks */,
			);
			runOnlyForDeploymentPostprocessing = 0;
		};
/* End PBXFrameworksBuildPhase section */

/* Begin PBXGroup section */
		567A4B7D7C78DF67D01A5542 /* Frameworks */ = {
			isa = PBXGroup;
			children = (
				2C7BBBCE8CF490794528AC74 /* Pods_TheMovieDB.framework */,
				1F3A47C956122EE35BACC0CD /* Pods_TheMovieDBUITests.framework */,
			);
			name = Frameworks;
			sourceTree = "<group>";
		};
		5F9BB4149E1904C6AC8B750E /* Pods */ = {
			isa = PBXGroup;
			children = (
				F656B004F0339C21CB742768 /* Pods-TheMovieDB.debug.xcconfig */,
				1CB0F10A53D0D7C0D610A03F /* Pods-TheMovieDB.release.xcconfig */,
				66AF76A8CBFA790FF2A01854 /* Pods-TheMovieDBUITests.debug.xcconfig */,
				1B985444BFBFEF4B40408561 /* Pods-TheMovieDBUITests.release.xcconfig */,
			);
			name = Pods;
			sourceTree = "<group>";
		};
		68663C621DC53BB70032DA4B /* Cell */ = {
			isa = PBXGroup;
			children = (
				68663C631DC53BCF0032DA4B /* MovieTableViewCell.swift */,
			);
			name = Cell;
			sourceTree = "<group>";
		};
		687B102B1DC421E200E69465 = {
			isa = PBXGroup;
			children = (
				687B10361DC421E200E69465 /* TheMovieDB */,
				687B104B1DC421E200E69465 /* TheMovieDBUITests */,
				687B10351DC421E200E69465 /* Products */,
				5F9BB4149E1904C6AC8B750E /* Pods */,
				567A4B7D7C78DF67D01A5542 /* Frameworks */,
			);
			sourceTree = "<group>";
		};
		687B10351DC421E200E69465 /* Products */ = {
			isa = PBXGroup;
			children = (
				687B10341DC421E200E69465 /* TheMovieDB.app */,
				687B10481DC421E200E69465 /* TheMovieDBUITests.xctest */,
			);
			name = Products;
			sourceTree = "<group>";
		};
		687B10361DC421E200E69465 /* TheMovieDB */ = {
			isa = PBXGroup;
			children = (
				687B10571DC421F400E69465 /* Config */,
				687B10581DC421FD00E69465 /* Resources */,
				687B105F1DC4262A00E69465 /* Model */,
				687B10591DC4220400E69465 /* ViewControllers */,
				687B105B1DC4222100E69465 /* Supporting Files */,
			);
			path = TheMovieDB;
			sourceTree = "<group>";
		};
		687B104B1DC421E200E69465 /* TheMovieDBUITests */ = {
			isa = PBXGroup;
			children = (
				687B104C1DC421E200E69465 /* TheMovieDBUITests.swift */,
				687B104E1DC421E200E69465 /* Info.plist */,
			);
			path = TheMovieDBUITests;
			sourceTree = "<group>";
		};
		687B10571DC421F400E69465 /* Config */ = {
			isa = PBXGroup;
			children = (
				687B10371DC421E200E69465 /* AppDelegate.swift */,
				682819C81DC4DB6300E696AA /* TMDBManager.swift */,
			);
			name = Config;
			sourceTree = "<group>";
		};
		687B10581DC421FD00E69465 /* Resources */ = {
			isa = PBXGroup;
			children = (
				687B103E1DC421E200E69465 /* Assets.xcassets */,
			);
			name = Resources;
			sourceTree = "<group>";
		};
		687B10591DC4220400E69465 /* ViewControllers */ = {
			isa = PBXGroup;
			children = (
				687B105E1DC422E100E69465 /* MovieDetail */,
				687B105C1DC422BD00E69465 /* Movies */,
				687B103B1DC421E200E69465 /* Main.storyboard */,
			);
			name = ViewControllers;
			sourceTree = "<group>";
		};
		687B105B1DC4222100E69465 /* Supporting Files */ = {
			isa = PBXGroup;
			children = (
				687B10431DC421E200E69465 /* Info.plist */,
				682819CA1DC4EB1D00E696AA /* TheMovieDB-Bridging-Header.h */,
			);
			name = "Supporting Files";
			sourceTree = "<group>";
		};
		687B105C1DC422BD00E69465 /* Movies */ = {
			isa = PBXGroup;
			children = (
				68663C621DC53BB70032DA4B /* Cell */,
				68663C601DC52FCB0032DA4B /* MoviesViewController.swift */,
			);
			name = Movies;
			sourceTree = "<group>";
		};
		687B105E1DC422E100E69465 /* MovieDetail */ = {
			isa = PBXGroup;
			children = (
				685693211DC68C6500E20C77 /* MovieDetailViewController.swift */,
			);
			name = MovieDetail;
			sourceTree = "<group>";
		};
		687B105F1DC4262A00E69465 /* Model */ = {
			isa = PBXGroup;
			children = (
				6853EE721DC4D34000A6208A /* Movie.swift */,
			);
			name = Model;
			sourceTree = "<group>";
		};
/* End PBXGroup section */

/* Begin PBXNativeTarget section */
		687B10331DC421E200E69465 /* TheMovieDB */ = {
			isa = PBXNativeTarget;
			buildConfigurationList = 687B10511DC421E200E69465 /* Build configuration list for PBXNativeTarget "TheMovieDB" */;
			buildPhases = (
				EFC1E57F069513207B7A90CC /* 📦 Check Pods Manifest.lock */,
				687B10301DC421E200E69465 /* Sources */,
				687B10311DC421E200E69465 /* Frameworks */,
				687B10321DC421E200E69465 /* Resources */,
				43CE8A6F276AF67094FBABA6 /* 📦 Embed Pods Frameworks */,
				14949357378C92B4A3B4669D /* 📦 Copy Pods Resources */,
			);
			buildRules = (
			);
			dependencies = (
			);
			name = TheMovieDB;
			productName = TheMovieDB;
			productReference = 687B10341DC421E200E69465 /* TheMovieDB.app */;
			productType = "com.apple.product-type.application";
		};
		687B10471DC421E200E69465 /* TheMovieDBUITests */ = {
			isa = PBXNativeTarget;
			buildConfigurationList = 687B10541DC421E200E69465 /* Build configuration list for PBXNativeTarget "TheMovieDBUITests" */;
			buildPhases = (
				B2643965AF07A81D082FED69 /* 📦 Check Pods Manifest.lock */,
				687B10441DC421E200E69465 /* Sources */,
				687B10451DC421E200E69465 /* Frameworks */,
				687B10461DC421E200E69465 /* Resources */,
				1091FA09D1F4E138AFEEE353 /* 📦 Copy Pods Resources */,
			);
			buildRules = (
			);
			dependencies = (
				687B104A1DC421E200E69465 /* PBXTargetDependency */,
			);
			name = TheMovieDBUITests;
			productName = TheMovieDBUITests;
			productReference = 687B10481DC421E200E69465 /* TheMovieDBUITests.xctest */;
			productType = "com.apple.product-type.bundle.ui-testing";
		};
/* End PBXNativeTarget section */

/* Begin PBXProject section */
		687B102C1DC421E200E69465 /* Project object */ = {
			isa = PBXProject;
			attributes = {
				LastSwiftUpdateCheck = 0800;
				LastUpgradeCheck = 0800;
				ORGANIZATIONNAME = "Juliana Lacerda";
				TargetAttributes = {
					687B10331DC421E200E69465 = {
						CreatedOnToolsVersion = 8.0;
						DevelopmentTeam = U7Z5QZ278W;
						LastSwiftMigration = 0800;
						ProvisioningStyle = Automatic;
					};
					687B10471DC421E200E69465 = {
						CreatedOnToolsVersion = 8.0;
						DevelopmentTeam = U7Z5QZ278W;
						LastSwiftMigration = 0800;
						ProvisioningStyle = Automatic;
						TestTargetID = 687B10331DC421E200E69465;
					};
				};
			};
			buildConfigurationList = 687B102F1DC421E200E69465 /* Build configuration list for PBXProject "TheMovieDB" */;
			compatibilityVersion = "Xcode 3.2";
			developmentRegion = English;
			hasScannedForEncodings = 0;
			knownRegions = (
				en,
				Base,
			);
			mainGroup = 687B102B1DC421E200E69465;
			productRefGroup = 687B10351DC421E200E69465 /* Products */;
			projectDirPath = "";
			projectRoot = "";
			targets = (
				687B10331DC421E200E69465 /* TheMovieDB */,
				687B10471DC421E200E69465 /* TheMovieDBUITests */,
			);
		};
/* End PBXProject section */

/* Begin PBXResourcesBuildPhase section */
		687B10321DC421E200E69465 /* Resources */ = {
			isa = PBXResourcesBuildPhase;
			buildActionMask = 2147483647;
			files = (
				687B103F1DC421E200E69465 /* Assets.xcassets in Resources */,
				687B103D1DC421E200E69465 /* Main.storyboard in Resources */,
			);
			runOnlyForDeploymentPostprocessing = 0;
		};
		687B10461DC421E200E69465 /* Resources */ = {
			isa = PBXResourcesBuildPhase;
			buildActionMask = 2147483647;
			files = (
			);
			runOnlyForDeploymentPostprocessing = 0;
		};
/* End PBXResourcesBuildPhase section */

/* Begin PBXShellScriptBuildPhase section */
		1091FA09D1F4E138AFEEE353 /* 📦 Copy Pods Resources */ = {
			isa = PBXShellScriptBuildPhase;
			buildActionMask = 2147483647;
			files = (
			);
			inputPaths = (
			);
			name = "📦 Copy Pods Resources";
			outputPaths = (
			);
			runOnlyForDeploymentPostprocessing = 0;
			shellPath = /bin/sh;
			shellScript = "\"${SRCROOT}/Pods/Target Support Files/Pods-TheMovieDBUITests/Pods-TheMovieDBUITests-resources.sh\"\n";
			showEnvVarsInLog = 0;
		};
		14949357378C92B4A3B4669D /* 📦 Copy Pods Resources */ = {
			isa = PBXShellScriptBuildPhase;
			buildActionMask = 2147483647;
			files = (
			);
			inputPaths = (
			);
			name = "📦 Copy Pods Resources";
			outputPaths = (
			);
			runOnlyForDeploymentPostprocessing = 0;
			shellPath = /bin/sh;
			shellScript = "\"${SRCROOT}/Pods/Target Support Files/Pods-TheMovieDB/Pods-TheMovieDB-resources.sh\"\n";
			showEnvVarsInLog = 0;
		};
		43CE8A6F276AF67094FBABA6 /* 📦 Embed Pods Frameworks */ = {
			isa = PBXShellScriptBuildPhase;
			buildActionMask = 2147483647;
			files = (
			);
			inputPaths = (
			);
			name = "📦 Embed Pods Frameworks";
			outputPaths = (
			);
			runOnlyForDeploymentPostprocessing = 0;
			shellPath = /bin/sh;
			shellScript = "\"${SRCROOT}/Pods/Target Support Files/Pods-TheMovieDB/Pods-TheMovieDB-frameworks.sh\"\n";
			showEnvVarsInLog = 0;
		};
		B2643965AF07A81D082FED69 /* 📦 Check Pods Manifest.lock */ = {
			isa = PBXShellScriptBuildPhase;
			buildActionMask = 2147483647;
			files = (
			);
			inputPaths = (
			);
			name = "📦 Check Pods Manifest.lock";
			outputPaths = (
			);
			runOnlyForDeploymentPostprocessing = 0;
			shellPath = /bin/sh;
			shellScript = "diff \"${PODS_ROOT}/../Podfile.lock\" \"${PODS_ROOT}/Manifest.lock\" > /dev/null\nif [[ $? != 0 ]] ; then\n    cat << EOM\nerror: The sandbox is not in sync with the Podfile.lock. Run 'pod install' or update your CocoaPods installation.\nEOM\n    exit 1\nfi\n";
			showEnvVarsInLog = 0;
		};
		EFC1E57F069513207B7A90CC /* 📦 Check Pods Manifest.lock */ = {
			isa = PBXShellScriptBuildPhase;
			buildActionMask = 2147483647;
			files = (
			);
			inputPaths = (
			);
			name = "📦 Check Pods Manifest.lock";
			outputPaths = (
			);
			runOnlyForDeploymentPostprocessing = 0;
			shellPath = /bin/sh;
			shellScript = "diff \"${PODS_ROOT}/../Podfile.lock\" \"${PODS_ROOT}/Manifest.lock\" > /dev/null\nif [[ $? != 0 ]] ; then\n    cat << EOM\nerror: The sandbox is not in sync with the Podfile.lock. Run 'pod install' or update your CocoaPods installation.\nEOM\n    exit 1\nfi\n";
			showEnvVarsInLog = 0;
		};
/* End PBXShellScriptBuildPhase section */

/* Begin PBXSourcesBuildPhase section */
		687B10301DC421E200E69465 /* Sources */ = {
			isa = PBXSourcesBuildPhase;
			buildActionMask = 2147483647;
			files = (
				68663C641DC53BCF0032DA4B /* MovieTableViewCell.swift in Sources */,
				68663C611DC52FCB0032DA4B /* MoviesViewController.swift in Sources */,
				687B10381DC421E200E69465 /* AppDelegate.swift in Sources */,
				682819C91DC4DB6300E696AA /* TMDBManager.swift in Sources */,
				685693221DC68C6500E20C77 /* MovieDetailViewController.swift in Sources */,
				6853EE731DC4D34000A6208A /* Movie.swift in Sources */,
			);
			runOnlyForDeploymentPostprocessing = 0;
		};
		687B10441DC421E200E69465 /* Sources */ = {
			isa = PBXSourcesBuildPhase;
			buildActionMask = 2147483647;
			files = (
				687B104D1DC421E200E69465 /* TheMovieDBUITests.swift in Sources */,
			);
			runOnlyForDeploymentPostprocessing = 0;
		};
/* End PBXSourcesBuildPhase section */

/* Begin PBXTargetDependency section */
		687B104A1DC421E200E69465 /* PBXTargetDependency */ = {
			isa = PBXTargetDependency;
			target = 687B10331DC421E200E69465 /* TheMovieDB */;
			targetProxy = 687B10491DC421E200E69465 /* PBXContainerItemProxy */;
		};
/* End PBXTargetDependency section */

/* Begin PBXVariantGroup section */
		687B103B1DC421E200E69465 /* Main.storyboard */ = {
			isa = PBXVariantGroup;
			children = (
				687B103C1DC421E200E69465 /* Base */,
			);
			name = Main.storyboard;
			sourceTree = "<group>";
		};
/* End PBXVariantGroup section */

/* Begin XCBuildConfiguration section */
		687B104F1DC421E200E69465 /* Debug */ = {
			isa = XCBuildConfiguration;
			buildSettings = {
				ALWAYS_SEARCH_USER_PATHS = NO;
				CLANG_ANALYZER_NONNULL = YES;
				CLANG_CXX_LANGUAGE_STANDARD = "gnu++0x";
				CLANG_CXX_LIBRARY = "libc++";
				CLANG_ENABLE_MODULES = YES;
				CLANG_ENABLE_OBJC_ARC = YES;
				CLANG_WARN_BOOL_CONVERSION = YES;
				CLANG_WARN_CONSTANT_CONVERSION = YES;
				CLANG_WARN_DIRECT_OBJC_ISA_USAGE = YES_ERROR;
				CLANG_WARN_DOCUMENTATION_COMMENTS = YES;
				CLANG_WARN_EMPTY_BODY = YES;
				CLANG_WARN_ENUM_CONVERSION = YES;
				CLANG_WARN_INFINITE_RECURSION = YES;
				CLANG_WARN_INT_CONVERSION = YES;
				CLANG_WARN_OBJC_ROOT_CLASS = YES_ERROR;
				CLANG_WARN_SUSPICIOUS_MOVES = YES;
				CLANG_WARN_UNREACHABLE_CODE = YES;
				CLANG_WARN__DUPLICATE_METHOD_MATCH = YES;
				"CODE_SIGN_IDENTITY[sdk=iphoneos*]" = "iPhone Developer";
				COPY_PHASE_STRIP = NO;
				DEBUG_INFORMATION_FORMAT = dwarf;
				ENABLE_STRICT_OBJC_MSGSEND = YES;
				ENABLE_TESTABILITY = YES;
				GCC_C_LANGUAGE_STANDARD = gnu99;
				GCC_DYNAMIC_NO_PIC = NO;
				GCC_NO_COMMON_BLOCKS = YES;
				GCC_OPTIMIZATION_LEVEL = 0;
				GCC_PREPROCESSOR_DEFINITIONS = (
					"DEBUG=1",
					"$(inherited)",
				);
				GCC_WARN_64_TO_32_BIT_CONVERSION = YES;
				GCC_WARN_ABOUT_RETURN_TYPE = YES_ERROR;
				GCC_WARN_UNDECLARED_SELECTOR = YES;
				GCC_WARN_UNINITIALIZED_AUTOS = YES_AGGRESSIVE;
				GCC_WARN_UNUSED_FUNCTION = YES;
				GCC_WARN_UNUSED_VARIABLE = YES;
				IPHONEOS_DEPLOYMENT_TARGET = 10.0;
				MTL_ENABLE_DEBUG_INFO = YES;
				ONLY_ACTIVE_ARCH = YES;
				SDKROOT = iphoneos;
				SWIFT_ACTIVE_COMPILATION_CONDITIONS = DEBUG;
				SWIFT_OPTIMIZATION_LEVEL = "-Onone";
			};
			name = Debug;
		};
		687B10501DC421E200E69465 /* Release */ = {
			isa = XCBuildConfiguration;
			buildSettings = {
				ALWAYS_SEARCH_USER_PATHS = NO;
				CLANG_ANALYZER_NONNULL = YES;
				CLANG_CXX_LANGUAGE_STANDARD = "gnu++0x";
				CLANG_CXX_LIBRARY = "libc++";
				CLANG_ENABLE_MODULES = YES;
				CLANG_ENABLE_OBJC_ARC = YES;
				CLANG_WARN_BOOL_CONVERSION = YES;
				CLANG_WARN_CONSTANT_CONVERSION = YES;
				CLANG_WARN_DIRECT_OBJC_ISA_USAGE = YES_ERROR;
				CLANG_WARN_DOCUMENTATION_COMMENTS = YES;
				CLANG_WARN_EMPTY_BODY = YES;
				CLANG_WARN_ENUM_CONVERSION = YES;
				CLANG_WARN_INFINITE_RECURSION = YES;
				CLANG_WARN_INT_CONVERSION = YES;
				CLANG_WARN_OBJC_ROOT_CLASS = YES_ERROR;
				CLANG_WARN_SUSPICIOUS_MOVES = YES;
				CLANG_WARN_UNREACHABLE_CODE = YES;
				CLANG_WARN__DUPLICATE_METHOD_MATCH = YES;
				"CODE_SIGN_IDENTITY[sdk=iphoneos*]" = "iPhone Developer";
				COPY_PHASE_STRIP = NO;
				DEBUG_INFORMATION_FORMAT = "dwarf-with-dsym";
				ENABLE_NS_ASSERTIONS = NO;
				ENABLE_STRICT_OBJC_MSGSEND = YES;
				GCC_C_LANGUAGE_STANDARD = gnu99;
				GCC_NO_COMMON_BLOCKS = YES;
				GCC_WARN_64_TO_32_BIT_CONVERSION = YES;
				GCC_WARN_ABOUT_RETURN_TYPE = YES_ERROR;
				GCC_WARN_UNDECLARED_SELECTOR = YES;
				GCC_WARN_UNINITIALIZED_AUTOS = YES_AGGRESSIVE;
				GCC_WARN_UNUSED_FUNCTION = YES;
				GCC_WARN_UNUSED_VARIABLE = YES;
				IPHONEOS_DEPLOYMENT_TARGET = 10.0;
				MTL_ENABLE_DEBUG_INFO = NO;
				SDKROOT = iphoneos;
				SWIFT_OPTIMIZATION_LEVEL = "-Owholemodule";
				VALIDATE_PRODUCT = YES;
			};
			name = Release;
		};
		687B10521DC421E200E69465 /* Debug */ = {
			isa = XCBuildConfiguration;
			baseConfigurationReference = F656B004F0339C21CB742768 /* Pods-TheMovieDB.debug.xcconfig */;
			buildSettings = {
				ALWAYS_SEARCH_USER_PATHS = NO;
				ASSETCATALOG_COMPILER_APPICON_NAME = AppIcon;
				ASSETCATALOG_COMPILER_LAUNCHIMAGE_NAME = LaunchImage;
				CODE_SIGN_IDENTITY = "iPhone Developer";
				"CODE_SIGN_IDENTITY[sdk=iphoneos*]" = "iPhone Developer";
				DEVELOPMENT_TEAM = U7Z5QZ278W;
				HEADER_SEARCH_PATHS = "${PODS_ROOT}/**";
				INFOPLIST_FILE = TheMovieDB/Info.plist;
				IPHONEOS_DEPLOYMENT_TARGET = 10.0;
				LD_RUNPATH_SEARCH_PATHS = "$(inherited) @executable_path/Frameworks";
				PRODUCT_BUNDLE_IDENTIFIER = br.com.julianalacerda.TheMovieDB;
				PRODUCT_NAME = "$(TARGET_NAME)";
				SWIFT_OBJC_BRIDGING_HEADER = "TheMovieDB/TheMovieDB-Bridging-Header.h";
				SWIFT_VERSION = 3.0;
			};
			name = Debug;
		};
		687B10531DC421E200E69465 /* Release */ = {
			isa = XCBuildConfiguration;
			baseConfigurationReference = 1CB0F10A53D0D7C0D610A03F /* Pods-TheMovieDB.release.xcconfig */;
			buildSettings = {
				ALWAYS_SEARCH_USER_PATHS = NO;
				ASSETCATALOG_COMPILER_APPICON_NAME = AppIcon;
				ASSETCATALOG_COMPILER_LAUNCHIMAGE_NAME = LaunchImage;
				CODE_SIGN_IDENTITY = "iPhone Developer";
				"CODE_SIGN_IDENTITY[sdk=iphoneos*]" = "iPhone Developer";
				DEVELOPMENT_TEAM = U7Z5QZ278W;
				HEADER_SEARCH_PATHS = "${PODS_ROOT}/**";
				INFOPLIST_FILE = TheMovieDB/Info.plist;
				IPHONEOS_DEPLOYMENT_TARGET = 10.0;
				LD_RUNPATH_SEARCH_PATHS = "$(inherited) @executable_path/Frameworks";
				PRODUCT_BUNDLE_IDENTIFIER = br.com.julianalacerda.TheMovieDB;
				PRODUCT_NAME = "$(TARGET_NAME)";
				SWIFT_OBJC_BRIDGING_HEADER = "TheMovieDB/TheMovieDB-Bridging-Header.h";
				SWIFT_VERSION = 3.0;
			};
			name = Release;
		};
		687B10551DC421E200E69465 /* Debug */ = {
			isa = XCBuildConfiguration;
			baseConfigurationReference = 66AF76A8CBFA790FF2A01854 /* Pods-TheMovieDBUITests.debug.xcconfig */;
			buildSettings = {
				ALWAYS_EMBED_SWIFT_STANDARD_LIBRARIES = YES;
				DEVELOPMENT_TEAM = U7Z5QZ278W;
				INFOPLIST_FILE = TheMovieDBUITests/Info.plist;
				LD_RUNPATH_SEARCH_PATHS = "$(inherited) @executable_path/Frameworks @loader_path/Frameworks";
				PRODUCT_BUNDLE_IDENTIFIER = br.com.julianalacerda.TheMovieDBUITests;
				PRODUCT_NAME = "$(TARGET_NAME)";
				SWIFT_VERSION = 3.0;
				TEST_TARGET_NAME = TheMovieDB;
			};
			name = Debug;
		};
		687B10561DC421E200E69465 /* Release */ = {
			isa = XCBuildConfiguration;
			baseConfigurationReference = 1B985444BFBFEF4B40408561 /* Pods-TheMovieDBUITests.release.xcconfig */;
			buildSettings = {
				ALWAYS_EMBED_SWIFT_STANDARD_LIBRARIES = YES;
				DEVELOPMENT_TEAM = U7Z5QZ278W;
				INFOPLIST_FILE = TheMovieDBUITests/Info.plist;
				LD_RUNPATH_SEARCH_PATHS = "$(inherited) @executable_path/Frameworks @loader_path/Frameworks";
				PRODUCT_BUNDLE_IDENTIFIER = br.com.julianalacerda.TheMovieDBUITests;
				PRODUCT_NAME = "$(TARGET_NAME)";
				SWIFT_VERSION = 3.0;
				TEST_TARGET_NAME = TheMovieDB;
			};
			name = Release;
		};
/* End XCBuildConfiguration section */

/* Begin XCConfigurationList section */
		687B102F1DC421E200E69465 /* Build configuration list for PBXProject "TheMovieDB" */ = {
			isa = XCConfigurationList;
			buildConfigurations = (
				687B104F1DC421E200E69465 /* Debug */,
				687B10501DC421E200E69465 /* Release */,
			);
			defaultConfigurationIsVisible = 0;
			defaultConfigurationName = Release;
		};
		687B10511DC421E200E69465 /* Build configuration list for PBXNativeTarget "TheMovieDB" */ = {
			isa = XCConfigurationList;
			buildConfigurations = (
				687B10521DC421E200E69465 /* Debug */,
				687B10531DC421E200E69465 /* Release */,
			);
			defaultConfigurationIsVisible = 0;
			defaultConfigurationName = Release;
		};
		687B10541DC421E200E69465 /* Build configuration list for PBXNativeTarget "TheMovieDBUITests" */ = {
			isa = XCConfigurationList;
			buildConfigurations = (
				687B10551DC421E200E69465 /* Debug */,
				687B10561DC421E200E69465 /* Release */,
			);
			defaultConfigurationIsVisible = 0;
			defaultConfigurationName = Release;
		};
/* End XCConfigurationList section */
	};
	rootObject = 687B102C1DC421E200E69465 /* Project object */;
}
